
Microsoft Visual Studio Solution File, Format Version 12.00
# Visual Studio Version 17
VisualStudioVersion = 17.5.33516.290
MinimumVisualStudioVersion = 10.0.40219.1
Project("{9A19103F-16F7-4668-BE54-9A1E7A4F7556}") = "TeduEcommerce.Domain", "src\TeduEcommerce.Domain\TeduEcommerce.Domain.csproj", "{554AD327-6DBA-4F8F-96F8-81CE7A0C863F}"
EndProject
Project("{9A19103F-16F7-4668-BE54-9A1E7A4F7556}") = "TeduEcommerce.EntityFrameworkCore", "src\TeduEcommerce.EntityFrameworkCore\TeduEcommerce.EntityFrameworkCore.csproj", "{C956DD76-69C8-4A9C-83EA-D17DF83340FD}"
EndProject
Project("{2150E333-8FDC-42A3-9474-1A3956D46DE8}") = "src", "src", "{CA9AC87F-097E-4F15-8393-4BC07735A5B0}"
EndProject
Project("{2150E333-8FDC-42A3-9474-1A3956D46DE8}") = "test", "test", "{04DBDB01-70F4-4E06-B468-8F87850B22BE}"
EndProject
Project("{9A19103F-16F7-4668-BE54-9A1E7A4F7556}") = "TeduEcommerce.Domain.Shared", "src\TeduEcommerce.Domain.Shared\TeduEcommerce.Domain.Shared.csproj", "{42F719ED-8413-4895-B5B4-5AB56079BC66}"
EndProject
Project("{9A19103F-16F7-4668-BE54-9A1E7A4F7556}") = "TeduEcommerce.AuthServer", "src\TeduEcommerce.AuthServer\TeduEcommerce.AuthServer.csproj", "{073C361E-B8F4-49F5-93CC-72A3FF49C026}"
EndProject
Project("{9A19103F-16F7-4668-BE54-9A1E7A4F7556}") = "TeduEcommerce.EntityFrameworkCore.Tests", "test\TeduEcommerce.EntityFrameworkCore.Tests\TeduEcommerce.EntityFrameworkCore.Tests.csproj", "{1FE30EB9-74A9-47F5-A9F6-7B1FAB672D81}"
EndProject
Project("{9A19103F-16F7-4668-BE54-9A1E7A4F7556}") = "TeduEcommerce.TestBase", "test\TeduEcommerce.TestBase\TeduEcommerce.TestBase.csproj", "{91853F21-9CD9-4132-BC29-A7D5D84FFFE7}"
EndProject
Project("{9A19103F-16F7-4668-BE54-9A1E7A4F7556}") = "TeduEcommerce.DbMigrator", "src\TeduEcommerce.DbMigrator\TeduEcommerce.DbMigrator.csproj", "{AA94D832-1CCC-4715-95A9-A483F23A1A5D}"
EndProject
Project("{2150E333-8FDC-42A3-9474-1A3956D46DE8}") = "common", "common", "{C5017068-5539-4D66-BB1B-EEBA8410EDE5}"
EndProject
Project("{2150E333-8FDC-42A3-9474-1A3956D46DE8}") = "admin", "admin", "{67F479C8-77CA-442B-8EB4-209CDAAF9838}"
EndProject
Project("{2150E333-8FDC-42A3-9474-1A3956D46DE8}") = "public", "public", "{67439486-DF3C-4ECA-8BCE-6DD1A4C4A7C2}"
EndProject
Project("{2150E333-8FDC-42A3-9474-1A3956D46DE8}") = "identity", "identity", "{E679FAAE-5061-476B-AE6E-83B6FD14F927}"
EndProject
Project("{2150E333-8FDC-42A3-9474-1A3956D46DE8}") = "domain", "domain", "{04A21951-4285-4327-A6A1-DA4D8E98F7D0}"
EndProject
Project("{2150E333-8FDC-42A3-9474-1A3956D46DE8}") = "infrastructure", "infrastructure", "{DC6CF13F-24EF-4618-8647-65E5EAA6A01B}"
EndProject
Project("{9A19103F-16F7-4668-BE54-9A1E7A4F7556}") = "TeduEcommerce.Admin.Application", "src\TeduEcommerce.Admin.Application\TeduEcommerce.Admin.Application.csproj", "{E053C0AF-59E0-4588-8896-11D6231B9477}"
EndProject
Project("{9A19103F-16F7-4668-BE54-9A1E7A4F7556}") = "TeduEcommerce.Admin.Application.Contracts", "src\TeduEcommerce.Admin.Application.Contracts\TeduEcommerce.Admin.Application.Contracts.csproj", "{DC57DCF5-DB9D-4DA6-A02D-F1BD5820617B}"
EndProject
Project("{9A19103F-16F7-4668-BE54-9A1E7A4F7556}") = "TeduEcommerce.Admin.HttpApi", "src\TeduEcommerce.Admin.HttpApi\TeduEcommerce.Admin.HttpApi.csproj", "{F1A1A0E3-10D6-45DB-896F-8D0F194566C6}"
EndProject
Project("{9A19103F-16F7-4668-BE54-9A1E7A4F7556}") = "TeduEcommerce.Admin.HttpApi.Client", "src\TeduEcommerce.Admin.HttpApi.Client\TeduEcommerce.Admin.HttpApi.Client.csproj", "{57C88D4A-7522-4BCA-BD26-0C3629E5E960}"
EndProject
Project("{9A19103F-16F7-4668-BE54-9A1E7A4F7556}") = "TeduEcommerce.Admin.HttpApi.Host", "src\TeduEcommerce.Admin.HttpApi.Host\TeduEcommerce.Admin.HttpApi.Host.csproj", "{B96EEC1D-61AF-473D-9D04-9809CE132CD2}"
EndProject
Project("{2150E333-8FDC-42A3-9474-1A3956D46DE8}") = "public", "public", "{29FC54EA-19B0-4FB2-85FC-016685A4E004}"
EndProject
Project("{2150E333-8FDC-42A3-9474-1A3956D46DE8}") = "admin", "admin", "{46311909-A504-4446-82A6-5DF2619BD0CE}"
EndProject
Project("{9A19103F-16F7-4668-BE54-9A1E7A4F7556}") = "TeduEcommerce.Admin.Application.Tests", "test\TeduEcommerce.Admin.Application.Tests\TeduEcommerce.Admin.Application.Tests.csproj", "{FA53056C-BF79-4EB4-9A1E-61601E1270FB}"
EndProject
Project("{9A19103F-16F7-4668-BE54-9A1E7A4F7556}") = "TeduEcommerce.Admin.HttpApi.Client.ConsoleTestApp", "test\TeduEcommerce.Admin.HttpApi.Client.ConsoleTestApp\TeduEcommerce.Admin.HttpApi.Client.ConsoleTestApp.csproj", "{4FE04670-348A-47F8-88E2-30CA1F4DEACD}"
EndProject
Project("{2150E333-8FDC-42A3-9474-1A3956D46DE8}") = "shared", "shared", "{40D10B73-0CA7-48CE-9446-B500EDD25B63}"
EndProject
Project("{9A19103F-16F7-4668-BE54-9A1E7A4F7556}") = "TeduEcommerce.Public.Application.Tests", "test\TeduEcommerce.Public.Application.Tests\TeduEcommerce.Public.Application.Tests.csproj", "{5F2BED3E-241D-465A-AE98-7A313D5145D6}"
EndProject
Project("{9A19103F-16F7-4668-BE54-9A1E7A4F7556}") = "TeduEcommerce.Public.HttpApi.Client.ConsoleTestApp", "test\TeduEcommerce.Public.HttpApi.Client.ConsoleTestApp\TeduEcommerce.Public.HttpApi.Client.ConsoleTestApp.csproj", "{C4B7CA39-33AC-4CCB-AEC5-2292E4051323}"
EndProject
Project("{9A19103F-16F7-4668-BE54-9A1E7A4F7556}") = "TeduEcommerce.Public.Web", "src\TeduEcommerce.Public.Web\TeduEcommerce.Public.Web.csproj", "{A2701FA0-9C54-482D-B54E-65DC6C8C7FEC}"
EndProject
Project("{9A19103F-16F7-4668-BE54-9A1E7A4F7556}") = "TeduEcommerce.Public.HttpApi.Client", "src\TeduEcommerce.Public.HttpApi.Client\TeduEcommerce.Public.HttpApi.Client.csproj", "{9580CE3D-9D0A-41D3-8B6A-2EAAF7D8114E}"
EndProject
Project("{9A19103F-16F7-4668-BE54-9A1E7A4F7556}") = "TeduEcommerce.Public.HttpApi", "src\TeduEcommerce.Public.HttpApi\TeduEcommerce.Public.HttpApi.csproj", "{FFA2A0BF-FAE2-441A-B5CB-017FFC427D75}"
EndProject
Project("{9A19103F-16F7-4668-BE54-9A1E7A4F7556}") = "TeduEcommerce.Public.Application.Contracts", "src\TeduEcommerce.Public.Application.Contracts\TeduEcommerce.Public.Application.Contracts.csproj", "{EF5EDF28-ED04-4DFF-AE3B-39C7865BC61C}"
EndProject
Project("{9A19103F-16F7-4668-BE54-9A1E7A4F7556}") = "TeduEcommerce.Public.Application", "src\TeduEcommerce.Public.Application\TeduEcommerce.Public.Application.csproj", "{BC16EA74-799F-4F9A-A304-B4AF1A0B32FF}"
EndProject
Project("{9A19103F-16F7-4668-BE54-9A1E7A4F7556}") = "TeduEcommerce.Domain.Tests", "test\TeduEcommerce.Domain.Tests\TeduEcommerce.Domain.Tests.csproj", "{C7DDDF54-4DFE-47A1-A295-757F4960D5A1}"
EndProject
Global
	GlobalSection(SolutionConfigurationPlatforms) = preSolution
		Debug|Any CPU = Debug|Any CPU
		Release|Any CPU = Release|Any CPU
	EndGlobalSection
	GlobalSection(ProjectConfigurationPlatforms) = postSolution
		{554AD327-6DBA-4F8F-96F8-81CE7A0C863F}.Debug|Any CPU.ActiveCfg = Debug|Any CPU
		{554AD327-6DBA-4F8F-96F8-81CE7A0C863F}.Debug|Any CPU.Build.0 = Debug|Any CPU
		{554AD327-6DBA-4F8F-96F8-81CE7A0C863F}.Release|Any CPU.ActiveCfg = Release|Any CPU
		{554AD327-6DBA-4F8F-96F8-81CE7A0C863F}.Release|Any CPU.Build.0 = Release|Any CPU
		{C956DD76-69C8-4A9C-83EA-D17DF83340FD}.Debug|Any CPU.ActiveCfg = Debug|Any CPU
		{C956DD76-69C8-4A9C-83EA-D17DF83340FD}.Debug|Any CPU.Build.0 = Debug|Any CPU
		{C956DD76-69C8-4A9C-83EA-D17DF83340FD}.Release|Any CPU.ActiveCfg = Release|Any CPU
		{C956DD76-69C8-4A9C-83EA-D17DF83340FD}.Release|Any CPU.Build.0 = Release|Any CPU
		{42F719ED-8413-4895-B5B4-5AB56079BC66}.Debug|Any CPU.ActiveCfg = Debug|Any CPU
		{42F719ED-8413-4895-B5B4-5AB56079BC66}.Debug|Any CPU.Build.0 = Debug|Any CPU
		{42F719ED-8413-4895-B5B4-5AB56079BC66}.Release|Any CPU.ActiveCfg = Release|Any CPU
		{42F719ED-8413-4895-B5B4-5AB56079BC66}.Release|Any CPU.Build.0 = Release|Any CPU
		{073C361E-B8F4-49F5-93CC-72A3FF49C026}.Debug|Any CPU.ActiveCfg = Debug|Any CPU
		{073C361E-B8F4-49F5-93CC-72A3FF49C026}.Debug|Any CPU.Build.0 = Debug|Any CPU
		{073C361E-B8F4-49F5-93CC-72A3FF49C026}.Release|Any CPU.ActiveCfg = Release|Any CPU
		{073C361E-B8F4-49F5-93CC-72A3FF49C026}.Release|Any CPU.Build.0 = Release|Any CPU
		{1FE30EB9-74A9-47F5-A9F6-7B1FAB672D81}.Debug|Any CPU.ActiveCfg = Debug|Any CPU
		{1FE30EB9-74A9-47F5-A9F6-7B1FAB672D81}.Debug|Any CPU.Build.0 = Debug|Any CPU
		{1FE30EB9-74A9-47F5-A9F6-7B1FAB672D81}.Release|Any CPU.ActiveCfg = Release|Any CPU
		{1FE30EB9-74A9-47F5-A9F6-7B1FAB672D81}.Release|Any CPU.Build.0 = Release|Any CPU
		{91853F21-9CD9-4132-BC29-A7D5D84FFFE7}.Debug|Any CPU.ActiveCfg = Debug|Any CPU
		{91853F21-9CD9-4132-BC29-A7D5D84FFFE7}.Debug|Any CPU.Build.0 = Debug|Any CPU
		{91853F21-9CD9-4132-BC29-A7D5D84FFFE7}.Release|Any CPU.ActiveCfg = Release|Any CPU
		{91853F21-9CD9-4132-BC29-A7D5D84FFFE7}.Release|Any CPU.Build.0 = Release|Any CPU
		{AA94D832-1CCC-4715-95A9-A483F23A1A5D}.Debug|Any CPU.ActiveCfg = Debug|Any CPU
		{AA94D832-1CCC-4715-95A9-A483F23A1A5D}.Debug|Any CPU.Build.0 = Debug|Any CPU
		{AA94D832-1CCC-4715-95A9-A483F23A1A5D}.Release|Any CPU.ActiveCfg = Release|Any CPU
		{AA94D832-1CCC-4715-95A9-A483F23A1A5D}.Release|Any CPU.Build.0 = Release|Any CPU
		{E053C0AF-59E0-4588-8896-11D6231B9477}.Debug|Any CPU.ActiveCfg = Debug|Any CPU
		{E053C0AF-59E0-4588-8896-11D6231B9477}.Debug|Any CPU.Build.0 = Debug|Any CPU
		{E053C0AF-59E0-4588-8896-11D6231B9477}.Release|Any CPU.ActiveCfg = Release|Any CPU
		{E053C0AF-59E0-4588-8896-11D6231B9477}.Release|Any CPU.Build.0 = Release|Any CPU
		{DC57DCF5-DB9D-4DA6-A02D-F1BD5820617B}.Debug|Any CPU.ActiveCfg = Debug|Any CPU
		{DC57DCF5-DB9D-4DA6-A02D-F1BD5820617B}.Debug|Any CPU.Build.0 = Debug|Any CPU
		{DC57DCF5-DB9D-4DA6-A02D-F1BD5820617B}.Release|Any CPU.ActiveCfg = Release|Any CPU
		{DC57DCF5-DB9D-4DA6-A02D-F1BD5820617B}.Release|Any CPU.Build.0 = Release|Any CPU
		{F1A1A0E3-10D6-45DB-896F-8D0F194566C6}.Debug|Any CPU.ActiveCfg = Debug|Any CPU
		{F1A1A0E3-10D6-45DB-896F-8D0F194566C6}.Debug|Any CPU.Build.0 = Debug|Any CPU
		{F1A1A0E3-10D6-45DB-896F-8D0F194566C6}.Release|Any CPU.ActiveCfg = Release|Any CPU
		{F1A1A0E3-10D6-45DB-896F-8D0F194566C6}.Release|Any CPU.Build.0 = Release|Any CPU
		{57C88D4A-7522-4BCA-BD26-0C3629E5E960}.Debug|Any CPU.ActiveCfg = Debug|Any CPU
		{57C88D4A-7522-4BCA-BD26-0C3629E5E960}.Debug|Any CPU.Build.0 = Debug|Any CPU
		{57C88D4A-7522-4BCA-BD26-0C3629E5E960}.Release|Any CPU.ActiveCfg = Release|Any CPU
		{57C88D4A-7522-4BCA-BD26-0C3629E5E960}.Release|Any CPU.Build.0 = Release|Any CPU
		{B96EEC1D-61AF-473D-9D04-9809CE132CD2}.Debug|Any CPU.ActiveCfg = Debug|Any CPU
		{B96EEC1D-61AF-473D-9D04-9809CE132CD2}.Debug|Any CPU.Build.0 = Debug|Any CPU
		{B96EEC1D-61AF-473D-9D04-9809CE132CD2}.Release|Any CPU.ActiveCfg = Release|Any CPU
		{B96EEC1D-61AF-473D-9D04-9809CE132CD2}.Release|Any CPU.Build.0 = Release|Any CPU
		{FA53056C-BF79-4EB4-9A1E-61601E1270FB}.Debug|Any CPU.ActiveCfg = Debug|Any CPU
		{FA53056C-BF79-4EB4-9A1E-61601E1270FB}.Debug|Any CPU.Build.0 = Debug|Any CPU
		{FA53056C-BF79-4EB4-9A1E-61601E1270FB}.Release|Any CPU.ActiveCfg = Release|Any CPU
		{FA53056C-BF79-4EB4-9A1E-61601E1270FB}.Release|Any CPU.Build.0 = Release|Any CPU
		{4FE04670-348A-47F8-88E2-30CA1F4DEACD}.Debug|Any CPU.ActiveCfg = Debug|Any CPU
		{4FE04670-348A-47F8-88E2-30CA1F4DEACD}.Debug|Any CPU.Build.0 = Debug|Any CPU
		{4FE04670-348A-47F8-88E2-30CA1F4DEACD}.Release|Any CPU.ActiveCfg = Release|Any CPU
		{4FE04670-348A-47F8-88E2-30CA1F4DEACD}.Release|Any CPU.Build.0 = Release|Any CPU
		{5F2BED3E-241D-465A-AE98-7A313D5145D6}.Debug|Any CPU.ActiveCfg = Debug|Any CPU
		{5F2BED3E-241D-465A-AE98-7A313D5145D6}.Debug|Any CPU.Build.0 = Debug|Any CPU
		{5F2BED3E-241D-465A-AE98-7A313D5145D6}.Release|Any CPU.ActiveCfg = Release|Any CPU
		{5F2BED3E-241D-465A-AE98-7A313D5145D6}.Release|Any CPU.Build.0 = Release|Any CPU
		{C4B7CA39-33AC-4CCB-AEC5-2292E4051323}.Debug|Any CPU.ActiveCfg = Debug|Any CPU
		{C4B7CA39-33AC-4CCB-AEC5-2292E4051323}.Debug|Any CPU.Build.0 = Debug|Any CPU
		{C4B7CA39-33AC-4CCB-AEC5-2292E4051323}.Release|Any CPU.ActiveCfg = Release|Any CPU
		{C4B7CA39-33AC-4CCB-AEC5-2292E4051323}.Release|Any CPU.Build.0 = Release|Any CPU
		{A2701FA0-9C54-482D-B54E-65DC6C8C7FEC}.Debug|Any CPU.ActiveCfg = Debug|Any CPU
		{A2701FA0-9C54-482D-B54E-65DC6C8C7FEC}.Debug|Any CPU.Build.0 = Debug|Any CPU
		{A2701FA0-9C54-482D-B54E-65DC6C8C7FEC}.Release|Any CPU.ActiveCfg = Release|Any CPU
		{A2701FA0-9C54-482D-B54E-65DC6C8C7FEC}.Release|Any CPU.Build.0 = Release|Any CPU
		{9580CE3D-9D0A-41D3-8B6A-2EAAF7D8114E}.Debug|Any CPU.ActiveCfg = Debug|Any CPU
		{9580CE3D-9D0A-41D3-8B6A-2EAAF7D8114E}.Debug|Any CPU.Build.0 = Debug|Any CPU
		{9580CE3D-9D0A-41D3-8B6A-2EAAF7D8114E}.Release|Any CPU.ActiveCfg = Release|Any CPU
		{9580CE3D-9D0A-41D3-8B6A-2EAAF7D8114E}.Release|Any CPU.Build.0 = Release|Any CPU
		{FFA2A0BF-FAE2-441A-B5CB-017FFC427D75}.Debug|Any CPU.ActiveCfg = Debug|Any CPU
		{FFA2A0BF-FAE2-441A-B5CB-017FFC427D75}.Debug|Any CPU.Build.0 = Debug|Any CPU
		{FFA2A0BF-FAE2-441A-B5CB-017FFC427D75}.Release|Any CPU.ActiveCfg = Release|Any CPU
		{FFA2A0BF-FAE2-441A-B5CB-017FFC427D75}.Release|Any CPU.Build.0 = Release|Any CPU
		{EF5EDF28-ED04-4DFF-AE3B-39C7865BC61C}.Debug|Any CPU.ActiveCfg = Debug|Any CPU
		{EF5EDF28-ED04-4DFF-AE3B-39C7865BC61C}.Debug|Any CPU.Build.0 = Debug|Any CPU
		{EF5EDF28-ED04-4DFF-AE3B-39C7865BC61C}.Release|Any CPU.ActiveCfg = Release|Any CPU
		{EF5EDF28-ED04-4DFF-AE3B-39C7865BC61C}.Release|Any CPU.Build.0 = Release|Any CPU
		{BC16EA74-799F-4F9A-A304-B4AF1A0B32FF}.Debug|Any CPU.ActiveCfg = Debug|Any CPU
		{BC16EA74-799F-4F9A-A304-B4AF1A0B32FF}.Debug|Any CPU.Build.0 = Debug|Any CPU
		{BC16EA74-799F-4F9A-A304-B4AF1A0B32FF}.Release|Any CPU.ActiveCfg = Release|Any CPU
		{BC16EA74-799F-4F9A-A304-B4AF1A0B32FF}.Release|Any CPU.Build.0 = Release|Any CPU
		{C7DDDF54-4DFE-47A1-A295-757F4960D5A1}.Debug|Any CPU.ActiveCfg = Debug|Any CPU
		{C7DDDF54-4DFE-47A1-A295-757F4960D5A1}.Debug|Any CPU.Build.0 = Debug|Any CPU
		{C7DDDF54-4DFE-47A1-A295-757F4960D5A1}.Release|Any CPU.ActiveCfg = Release|Any CPU
		{C7DDDF54-4DFE-47A1-A295-757F4960D5A1}.Release|Any CPU.Build.0 = Release|Any CPU
	EndGlobalSection
	GlobalSection(SolutionProperties) = preSolution
		HideSolutionNode = FALSE
	EndGlobalSection
	GlobalSection(NestedProjects) = preSolution
		{554AD327-6DBA-4F8F-96F8-81CE7A0C863F} = {04A21951-4285-4327-A6A1-DA4D8E98F7D0}
		{C956DD76-69C8-4A9C-83EA-D17DF83340FD} = {DC6CF13F-24EF-4618-8647-65E5EAA6A01B}
		{42F719ED-8413-4895-B5B4-5AB56079BC66} = {04A21951-4285-4327-A6A1-DA4D8E98F7D0}
		{073C361E-B8F4-49F5-93CC-72A3FF49C026} = {E679FAAE-5061-476B-AE6E-83B6FD14F927}
		{1FE30EB9-74A9-47F5-A9F6-7B1FAB672D81} = {40D10B73-0CA7-48CE-9446-B500EDD25B63}
		{91853F21-9CD9-4132-BC29-A7D5D84FFFE7} = {40D10B73-0CA7-48CE-9446-B500EDD25B63}
		{AA94D832-1CCC-4715-95A9-A483F23A1A5D} = {DC6CF13F-24EF-4618-8647-65E5EAA6A01B}
		{C5017068-5539-4D66-BB1B-EEBA8410EDE5} = {CA9AC87F-097E-4F15-8393-4BC07735A5B0}
		{67F479C8-77CA-442B-8EB4-209CDAAF9838} = {CA9AC87F-097E-4F15-8393-4BC07735A5B0}
		{67439486-DF3C-4ECA-8BCE-6DD1A4C4A7C2} = {CA9AC87F-097E-4F15-8393-4BC07735A5B0}
		{E679FAAE-5061-476B-AE6E-83B6FD14F927} = {CA9AC87F-097E-4F15-8393-4BC07735A5B0}
		{04A21951-4285-4327-A6A1-DA4D8E98F7D0} = {C5017068-5539-4D66-BB1B-EEBA8410EDE5}
		{DC6CF13F-24EF-4618-8647-65E5EAA6A01B} = {C5017068-5539-4D66-BB1B-EEBA8410EDE5}
		{E053C0AF-59E0-4588-8896-11D6231B9477} = {67F479C8-77CA-442B-8EB4-209CDAAF9838}
		{DC57DCF5-DB9D-4DA6-A02D-F1BD5820617B} = {67F479C8-77CA-442B-8EB4-209CDAAF9838}
		{F1A1A0E3-10D6-45DB-896F-8D0F194566C6} = {67F479C8-77CA-442B-8EB4-209CDAAF9838}
		{57C88D4A-7522-4BCA-BD26-0C3629E5E960} = {67F479C8-77CA-442B-8EB4-209CDAAF9838}
		{B96EEC1D-61AF-473D-9D04-9809CE132CD2} = {67F479C8-77CA-442B-8EB4-209CDAAF9838}
		{29FC54EA-19B0-4FB2-85FC-016685A4E004} = {04DBDB01-70F4-4E06-B468-8F87850B22BE}
		{46311909-A504-4446-82A6-5DF2619BD0CE} = {04DBDB01-70F4-4E06-B468-8F87850B22BE}
		{FA53056C-BF79-4EB4-9A1E-61601E1270FB} = {46311909-A504-4446-82A6-5DF2619BD0CE}
		{4FE04670-348A-47F8-88E2-30CA1F4DEACD} = {46311909-A504-4446-82A6-5DF2619BD0CE}
		{40D10B73-0CA7-48CE-9446-B500EDD25B63} = {04DBDB01-70F4-4E06-B468-8F87850B22BE}
		{5F2BED3E-241D-465A-AE98-7A313D5145D6} = {29FC54EA-19B0-4FB2-85FC-016685A4E004}
		{C4B7CA39-33AC-4CCB-AEC5-2292E4051323} = {29FC54EA-19B0-4FB2-85FC-016685A4E004}
		{A2701FA0-9C54-482D-B54E-65DC6C8C7FEC} = {67439486-DF3C-4ECA-8BCE-6DD1A4C4A7C2}
		{9580CE3D-9D0A-41D3-8B6A-2EAAF7D8114E} = {67439486-DF3C-4ECA-8BCE-6DD1A4C4A7C2}
		{FFA2A0BF-FAE2-441A-B5CB-017FFC427D75} = {67439486-DF3C-4ECA-8BCE-6DD1A4C4A7C2}
		{EF5EDF28-ED04-4DFF-AE3B-39C7865BC61C} = {67439486-DF3C-4ECA-8BCE-6DD1A4C4A7C2}
		{BC16EA74-799F-4F9A-A304-B4AF1A0B32FF} = {67439486-DF3C-4ECA-8BCE-6DD1A4C4A7C2}
		{C7DDDF54-4DFE-47A1-A295-757F4960D5A1} = {40D10B73-0CA7-48CE-9446-B500EDD25B63}
	EndGlobalSection
	GlobalSection(ExtensibilityGlobals) = postSolution
		SolutionGuid = {28315BFD-90E7-4E14-A2EA-F3D23AF4126F}
	EndGlobalSection
EndGlobal
